
Microsoft Visual Studio Solution File, Format Version 12.00
# Visual Studio Version 18
VisualStudioVersion = 18.0.11111.16 d18.0
MinimumVisualStudioVersion = 10.0.40219.1
Project("{FAE04EC0-301F-11D3-BF4B-00C04F79EFBC}") = "YoutubePlaylistManager.Cli", "YoutubePlaylist\YoutubePlaylistManager.Cli.csproj", "{D12735A8-38A7-4411-9FB0-2D22E2E7250B}"
EndProject
Global
	GlobalSection(SolutionConfigurationPlatforms) = preSolution
		Debug|Any CPU = Debug|Any CPU
		Release|Any CPU = Release|Any CPU
	EndGlobalSection
	GlobalSection(ProjectConfigurationPlatforms) = postSolution
		{D12735A8-38A7-4411-9FB0-2D22E2E7250B}.Debug|Any CPU.ActiveCfg = Debug|Any CPU
		{D12735A8-38A7-4411-9FB0-2D22E2E7250B}.Debug|Any CPU.Build.0 = Debug|Any CPU
		{D12735A8-38A7-4411-9FB0-2D22E2E7250B}.Release|Any CPU.ActiveCfg = Release|Any CPU
		{D12735A8-38A7-4411-9FB0-2D22E2E7250B}.Release|Any CPU.Build.0 = Release|Any CPU
	EndGlobalSection
	GlobalSection(SolutionProperties) = preSolution
		HideSolutionNode = FALSE
	EndGlobalSection
	GlobalSection(ExtensibilityGlobals) = postSolution
		SolutionGuid = {941EE931-6574-4D51-9C2C-3AAB69742A32}
	EndGlobalSection
EndGlobal
